{
  "name": "supabase-budget",
  "lockfileVersion": 3,
  "requires": true,
  "packages": {
    "": {
      "dependencies": {
        "@hookform/error-message": "^2.0.1",
        "@hookform/resolvers": "^5.1.1",
        "zod": "^3.25.58"
      }
    },
    "node_modules/@hookform/error-message": {
      "version": "2.0.1",
      "resolved": "https://registry.npmjs.org/@hookform/error-message/-/error-message-2.0.1.tgz",
      "integrity": "sha512-U410sAr92xgxT1idlu9WWOVjndxLdgPUHEB8Schr27C9eh7/xUnITWpCMF93s+lGiG++D4JnbSnrb5A21AdSNg==",
      "peerDependencies": {
        "react": ">=16.8.0",
        "react-dom": ">=16.8.0",
        "react-hook-form": "^7.0.0"
      }
    },
    "node_modules/@hookform/resolvers": {
      "version": "5.1.1",
      "resolved": "https://registry.npmjs.org/@hookform/resolvers/-/resolvers-5.1.1.tgz",
      "integrity": "sha512-J/NVING3LMAEvexJkyTLjruSm7aOFx7QX21pzkiJfMoNG0wl5aFEjLTl7ay7IQb9EWY6AkrBy7tHL2Alijpdcg==",
      "dependencies": {
        "@standard-schema/utils": "^0.3.0"
      },
      "peerDependencies": {
        "react-hook-form": "^7.55.0"
      }
    },
    "node_modules/@standard-schema/utils": {
      "version": "0.3.0",
      "resolved": "https://registry.npmjs.org/@standard-schema/utils/-/utils-0.3.0.tgz",
      "integrity": "sha512-e7Mew686owMaPJVNNLs55PUvgz371nKgwsc4vxE49zsODpJEnxgxRo2y/OKrqueavXgZNMDVj3DdHFlaSAeU8g=="
    },
    "node_modules/react": {
      "version": "19.1.0",
      "resolved": "https://registry.npmjs.org/react/-/react-19.1.0.tgz",
      "integrity": "sha512-FS+XFBNvn3GTAWq26joslQgWNoFu08F4kl0J4CgdNKADkdSGXQyTCnKteIAJy96Br6YbpEU1LSzV5dYtjMkMDg==",
      "peer": true,
      "engines": {
        "node": ">=0.10.0"
      }
    },
    "node_modules/react-dom": {
      "version": "19.1.0",
      "resolved": "https://registry.npmjs.org/react-dom/-/react-dom-19.1.0.tgz",
      "integrity": "sha512-Xs1hdnE+DyKgeHJeJznQmYMIBG3TKIHJJT95Q58nHLSrElKlGQqDTR2HQ9fx5CN/Gk6Vh/kupBTDLU11/nDk/g==",
      "peer": true,
      "dependencies": {
        "scheduler": "^0.26.0"
      },
      "peerDependencies": {
        "react": "^19.1.0"
      }
    },
    "node_modules/react-hook-form": {
      "version": "7.57.0",
      "resolved": "https://registry.npmjs.org/react-hook-form/-/react-hook-form-7.57.0.tgz",
      "integrity": "sha512-RbEks3+cbvTP84l/VXGUZ+JMrKOS8ykQCRYdm5aYsxnDquL0vspsyNhGRO7pcH6hsZqWlPOjLye7rJqdtdAmlg==",
      "peer": true,
      "engines": {
        "node": ">=18.0.0"
      },
      "funding": {
        "type": "opencollective",
        "url": "https://opencollective.com/react-hook-form"
      },
      "peerDependencies": {
        "react": "^16.8.0 || ^17 || ^18 || ^19"
      }
    },
    "node_modules/scheduler": {
      "version": "0.26.0",
      "resolved": "https://registry.npmjs.org/scheduler/-/scheduler-0.26.0.tgz",
      "integrity": "sha512-NlHwttCI/l5gCPR3D1nNXtWABUmBwvZpEQiD4IXSbIDq8BzLIK/7Ir5gTFSGZDUu37K5cMNp0hFtzO38sC7gWA==",
      "peer": true
    },
    "node_modules/zod": {
      "version": "3.25.58",
      "resolved": "https://registry.npmjs.org/zod/-/zod-3.25.58.tgz",
      "integrity": "sha512-DVLmMQzSZwNYzQoMaM3MQWnxr2eq+AtM9Hx3w1/Yl0pH8sLTSjN4jGP7w6f7uand6Hw44tsnSu1hz1AOA6qI2Q==",
      "funding": {
        "url": "https://github.com/sponsors/colinhacks"
      }
    }
  }
}
